
Microsoft Visual Studio Solution File, Format Version 12.00
# RemObjects Fire
Project("{656346d9-4656-40da-a068-22d5425d4639}") = "MacApp", "MacApp\MacApp.elements", "{658cd7d4-9a88-4bbe-b43d-edde30d0da56}"
EndProject
Project("{656346d9-4656-40da-a068-22d5425d4639}") = "Shared", "Shared\Shared.elements", "{14908247-56b9-47d8-81f5-cd1a6d1c3137}"
EndProject
Project("{656346d9-4656-40da-a068-22d5425d4639}") = "WPFApplication", "WPFApplication\WPFApplication.elements", "{fe1251a2-1238-4fea-9a1a-10f55e4dc391}"
EndProject
Global
	GlobalSection(SolutionConfigurationPlatforms) = preSolution
		Debug|AnyCPU = Debug|AnyCPU
		Release|AnyCPU = Release|AnyCPU
	EndGlobalSection
	GlobalSection(ProjectConfigurationPlatforms) = postSolution
		{658cd7d4-9a88-4bbe-b43d-edde30d0da56}.Debug|AnyCPU.ActiveCfg = Debug|AnyCPU
		{658cd7d4-9a88-4bbe-b43d-edde30d0da56}.Debug|AnyCPU.Build.0 = Debug|AnyCPU
		{658cd7d4-9a88-4bbe-b43d-edde30d0da56}.Release|AnyCPU.ActiveCfg = Release|AnyCPU
		{658cd7d4-9a88-4bbe-b43d-edde30d0da56}.Release|AnyCPU.Build.0 = Release|AnyCPU
		{14908247-56b9-47d8-81f5-cd1a6d1c3137}.Debug|AnyCPU.ActiveCfg = Debug|AnyCPU
		{14908247-56b9-47d8-81f5-cd1a6d1c3137}.Debug|AnyCPU.Build.0 = Debug|AnyCPU
		{14908247-56b9-47d8-81f5-cd1a6d1c3137}.Release|AnyCPU.ActiveCfg = Release|AnyCPU
		{14908247-56b9-47d8-81f5-cd1a6d1c3137}.Release|AnyCPU.Build.0 = Release|AnyCPU
		{fe1251a2-1238-4fea-9a1a-10f55e4dc391}.Debug|AnyCPU.ActiveCfg = Debug|AnyCPU
		{fe1251a2-1238-4fea-9a1a-10f55e4dc391}.Debug|AnyCPU.Build.0 = Debug|AnyCPU
		{fe1251a2-1238-4fea-9a1a-10f55e4dc391}.Release|AnyCPU.ActiveCfg = Release|AnyCPU
		{fe1251a2-1238-4fea-9a1a-10f55e4dc391}.Release|AnyCPU.Build.0 = Release|AnyCPU
	EndGlobalSection
	GlobalSection(SolutionProperties) = preSolution
		HideSolutionNode = FALSE
	EndGlobalSection
EndGlobal